// !$*UTF8*$!
{
	archiveVersion = 1;
	classes = {
	};
	objectVersion = 48;
	objects = {

/* Begin PBXBuildFile section */
		739D5FA6206898A500D38DB5 /* AppDelegate.swift in Sources */ = {isa = PBXBuildFile; fileRef = 739D5FA5206898A500D38DB5 /* AppDelegate.swift */; };
		739D5FA8206898A500D38DB5 /* ViewController.swift in Sources */ = {isa = PBXBuildFile; fileRef = 739D5FA7206898A500D38DB5 /* ViewController.swift */; };
		739D5FAB206898A600D38DB5 /* Main.storyboard in Resources */ = {isa = PBXBuildFile; fileRef = 739D5FA9206898A600D38DB5 /* Main.storyboard */; };
		739D5FAD206898A600D38DB5 /* Assets.xcassets in Resources */ = {isa = PBXBuildFile; fileRef = 739D5FAC206898A600D38DB5 /* Assets.xcassets */; };
		739D5FB0206898A600D38DB5 /* LaunchScreen.storyboard in Resources */ = {isa = PBXBuildFile; fileRef = 739D5FAE206898A600D38DB5 /* LaunchScreen.storyboard */; };
		739D5FBB206898A600D38DB5 /* DouYuTVTests.swift in Sources */ = {isa = PBXBuildFile; fileRef = 739D5FBA206898A600D38DB5 /* DouYuTVTests.swift */; };
		739D5FC6206898A600D38DB5 /* DouYuTVUITests.swift in Sources */ = {isa = PBXBuildFile; fileRef = 739D5FC5206898A600D38DB5 /* DouYuTVUITests.swift */; };
/* End PBXBuildFile section */

/* Begin PBXContainerItemProxy section */
		739D5FB7206898A600D38DB5 /* PBXContainerItemProxy */ = {
			isa = PBXContainerItemProxy;
			containerPortal = 739D5F9A206898A500D38DB5 /* Project object */;
			proxyType = 1;
			remoteGlobalIDString = 739D5FA1206898A500D38DB5;
			remoteInfo = DouYuTV;
		};
		739D5FC2206898A600D38DB5 /* PBXContainerItemProxy */ = {
			isa = PBXContainerItemProxy;
			containerPortal = 739D5F9A206898A500D38DB5 /* Project object */;
			proxyType = 1;
			remoteGlobalIDString = 739D5FA1206898A500D38DB5;
			remoteInfo = DouYuTV;
		};
/* End PBXContainerItemProxy section */

/* Begin PBXFileReference section */
		739D5FA2206898A500D38DB5 /* DouYuTV.app */ = {isa = PBXFileReference; explicitFileType = wrapper.application; includeInIndex = 0; path = DouYuTV.app; sourceTree = BUILT_PRODUCTS_DIR; };
		739D5FA5206898A500D38DB5 /* AppDelegate.swift */ = {isa = PBXFileReference; lastKnownFileType = sourcecode.swift; path = AppDelegate.swift; sourceTree = "<group>"; };
		739D5FA7206898A500D38DB5 /* ViewController.swift */ = {isa = PBXFileReference; lastKnownFileType = sourcecode.swift; path = ViewController.swift; sourceTree = "<group>"; };
		739D5FAA206898A600D38DB5 /* Base */ = {isa = PBXFileReference; lastKnownFileType = file.storyboard; name = Base; path = Base.lproj/Main.storyboard; sourceTree = "<group>"; };
		739D5FAC206898A600D38DB5 /* Assets.xcassets */ = {isa = PBXFileReference; lastKnownFileType = folder.assetcatalog; path = Assets.xcassets; sourceTree = "<group>"; };
		739D5FAF206898A600D38DB5 /* Base */ = {isa = PBXFileReference; lastKnownFileType = file.storyboard; name = Base; path = Base.lproj/LaunchScreen.storyboard; sourceTree = "<group>"; };
		739D5FB1206898A600D38DB5 /* Info.plist */ = {isa = PBXFileReference; lastKnownFileType = text.plist.xml; path = Info.plist; sourceTree = "<group>"; };
		739D5FB6206898A600D38DB5 /* DouYuTVTests.xctest */ = {isa = PBXFileReference; explicitFileType = wrapper.cfbundle; includeInIndex = 0; path = DouYuTVTests.xctest; sourceTree = BUILT_PRODUCTS_DIR; };
		739D5FBA206898A600D38DB5 /* DouYuTVTests.swift */ = {isa = PBXFileReference; lastKnownFileType = sourcecode.swift; path = DouYuTVTests.swift; sourceTree = "<group>"; };
		739D5FBC206898A600D38DB5 /* Info.plist */ = {isa = PBXFileReference; lastKnownFileType = text.plist.xml; path = Info.plist; sourceTree = "<group>"; };
		739D5FC1206898A600D38DB5 /* DouYuTVUITests.xctest */ = {isa = PBXFileReference; explicitFileType = wrapper.cfbundle; includeInIndex = 0; path = DouYuTVUITests.xctest; sourceTree = BUILT_PRODUCTS_DIR; };
		739D5FC5206898A600D38DB5 /* DouYuTVUITests.swift */ = {isa = PBXFileReference; lastKnownFileType = sourcecode.swift; path = DouYuTVUITests.swift; sourceTree = "<group>"; };
		739D5FC7206898A600D38DB5 /* Info.plist */ = {isa = PBXFileReference; lastKnownFileType = text.plist.xml; path = Info.plist; sourceTree = "<group>"; };
/* End PBXFileReference section */

/* Begin PBXFrameworksBuildPhase section */
		739D5F9F206898A500D38DB5 /* Frameworks */ = {
			isa = PBXFrameworksBuildPhase;
			buildActionMask = 2147483647;
			files = (
			);
			runOnlyForDeploymentPostprocessing = 0;
		};
		739D5FB3206898A600D38DB5 /* Frameworks */ = {
			isa = PBXFrameworksBuildPhase;
			buildActionMask = 2147483647;
			files = (
			);
			runOnlyForDeploymentPostprocessing = 0;
		};
		739D5FBE206898A600D38DB5 /* Frameworks */ = {
			isa = PBXFrameworksBuildPhase;
			buildActionMask = 2147483647;
			files = (
			);
			runOnlyForDeploymentPostprocessing = 0;
		};
/* End PBXFrameworksBuildPhase section */

/* Begin PBXGroup section */
		739D5F99206898A500D38DB5 = {
			isa = PBXGroup;
			children = (
				739D5FA4206898A500D38DB5 /* DouYuTV */,
				739D5FB9206898A600D38DB5 /* DouYuTVTests */,
				739D5FC4206898A600D38DB5 /* DouYuTVUITests */,
				739D5FA3206898A500D38DB5 /* Products */,
			);
			sourceTree = "<group>";
		};
		739D5FA3206898A500D38DB5 /* Products */ = {
			isa = PBXGroup;
			children = (
				739D5FA2206898A500D38DB5 /* DouYuTV.app */,
				739D5FB6206898A600D38DB5 /* DouYuTVTests.xctest */,
				739D5FC1206898A600D38DB5 /* DouYuTVUITests.xctest */,
			);
			name = Products;
			sourceTree = "<group>";
		};
		739D5FA4206898A500D38DB5 /* DouYuTV */ = {
			isa = PBXGroup;
			children = (
				739D5FA5206898A500D38DB5 /* AppDelegate.swift */,
				739D5FA7206898A500D38DB5 /* ViewController.swift */,
				739D5FA9206898A600D38DB5 /* Main.storyboard */,
				739D5FAC206898A600D38DB5 /* Assets.xcassets */,
				739D5FAE206898A600D38DB5 /* LaunchScreen.storyboard */,
				739D5FB1206898A600D38DB5 /* Info.plist */,
			);
			path = DouYuTV;
			sourceTree = "<group>";
		};
		739D5FB9206898A600D38DB5 /* DouYuTVTests */ = {
			isa = PBXGroup;
			children = (
				739D5FBA206898A600D38DB5 /* DouYuTVTests.swift */,
				739D5FBC206898A600D38DB5 /* Info.plist */,
			);
			path = DouYuTVTests;
			sourceTree = "<group>";
		};
		739D5FC4206898A600D38DB5 /* DouYuTVUITests */ = {
			isa = PBXGroup;
			children = (
				739D5FC5206898A600D38DB5 /* DouYuTVUITests.swift */,
				739D5FC7206898A600D38DB5 /* Info.plist */,
			);
			path = DouYuTVUITests;
			sourceTree = "<group>";
		};
/* End PBXGroup section */

/* Begin PBXNativeTarget section */
		739D5FA1206898A500D38DB5 /* DouYuTV */ = {
			isa = PBXNativeTarget;
			buildConfigurationList = 739D5FCA206898A600D38DB5 /* Build configuration list for PBXNativeTarget "DouYuTV" */;
			buildPhases = (
				739D5F9E206898A500D38DB5 /* Sources */,
				739D5F9F206898A500D38DB5 /* Frameworks */,
				739D5FA0206898A500D38DB5 /* Resources */,
			);
			buildRules = (
			);
			dependencies = (
			);
			name = DouYuTV;
			productName = DouYuTV;
			productReference = 739D5FA2206898A500D38DB5 /* DouYuTV.app */;
			productType = "com.apple.product-type.application";
		};
		739D5FB5206898A600D38DB5 /* DouYuTVTests */ = {
			isa = PBXNativeTarget;
			buildConfigurationList = 739D5FCD206898A600D38DB5 /* Build configuration list for PBXNativeTarget "DouYuTVTests" */;
			buildPhases = (
				739D5FB2206898A600D38DB5 /* Sources */,
				739D5FB3206898A600D38DB5 /* Frameworks */,
				739D5FB4206898A600D38DB5 /* Resources */,
			);
			buildRules = (
			);
			dependencies = (
				739D5FB8206898A600D38DB5 /* PBXTargetDependency */,
			);
			name = DouYuTVTests;
			productName = DouYuTVTests;
			productReference = 739D5FB6206898A600D38DB5 /* DouYuTVTests.xctest */;
			productType = "com.apple.product-type.bundle.unit-test";
		};
		739D5FC0206898A600D38DB5 /* DouYuTVUITests */ = {
			isa = PBXNativeTarget;
			buildConfigurationList = 739D5FD0206898A600D38DB5 /* Build configuration list for PBXNativeTarget "DouYuTVUITests" */;
			buildPhases = (
				739D5FBD206898A600D38DB5 /* Sources */,
				739D5FBE206898A600D38DB5 /* Frameworks */,
				739D5FBF206898A600D38DB5 /* Resources */,
			);
			buildRules = (
			);
			dependencies = (
				739D5FC3206898A600D38DB5 /* PBXTargetDependency */,
			);
			name = DouYuTVUITests;
			productName = DouYuTVUITests;
			productReference = 739D5FC1206898A600D38DB5 /* DouYuTVUITests.xctest */;
			productType = "com.apple.product-type.bundle.ui-testing";
		};
/* End PBXNativeTarget section */

/* Begin PBXProject section */
		739D5F9A206898A500D38DB5 /* Project object */ = {
			isa = PBXProject;
			attributes = {
				LastSwiftUpdateCheck = 0920;
				LastUpgradeCheck = 0920;
				ORGANIZATIONNAME = gtqshoper;
				TargetAttributes = {
					739D5FA1206898A500D38DB5 = {
						CreatedOnToolsVersion = 9.2;
						ProvisioningStyle = Automatic;
					};
					739D5FB5206898A600D38DB5 = {
						CreatedOnToolsVersion = 9.2;
						ProvisioningStyle = Automatic;
						TestTargetID = 739D5FA1206898A500D38DB5;
					};
					739D5FC0206898A600D38DB5 = {
						CreatedOnToolsVersion = 9.2;
						ProvisioningStyle = Automatic;
						TestTargetID = 739D5FA1206898A500D38DB5;
					};
				};
			};
			buildConfigurationList = 739D5F9D206898A500D38DB5 /* Build configuration list for PBXProject "DouYuTV" */;
			compatibilityVersion = "Xcode 8.0";
			developmentRegion = en;
			hasScannedForEncodings = 0;
			knownRegions = (
				en,
				Base,
			);
			mainGroup = 739D5F99206898A500D38DB5;
			productRefGroup = 739D5FA3206898A500D38DB5 /* Products */;
			projectDirPath = "";
			projectRoot = "";
			targets = (
				739D5FA1206898A500D38DB5 /* DouYuTV */,
				739D5FB5206898A600D38DB5 /* DouYuTVTests */,
				739D5FC0206898A600D38DB5 /* DouYuTVUITests */,
			);
		};
/* End PBXProject section */

/* Begin PBXResourcesBuildPhase section */
		739D5FA0206898A500D38DB5 /* Resources */ = {
			isa = PBXResourcesBuildPhase;
			buildActionMask = 2147483647;
			files = (
				739D5FB0206898A600D38DB5 /* LaunchScreen.storyboard in Resources */,
				739D5FAD206898A600D38DB5 /* Assets.xcassets in Resources */,
				739D5FAB206898A600D38DB5 /* Main.storyboard in Resources */,
			);
			runOnlyForDeploymentPostprocessing = 0;
		};
		739D5FB4206898A600D38DB5 /* Resources */ = {
			isa = PBXResourcesBuildPhase;
			buildActionMask = 2147483647;
			files = (
			);
			runOnlyForDeploymentPostprocessing = 0;
		};
		739D5FBF206898A600D38DB5 /* Resources */ = {
			isa = PBXResourcesBuildPhase;
			buildActionMask = 2147483647;
			files = (
			);
			runOnlyForDeploymentPostprocessing = 0;
		};
/* End PBXResourcesBuildPhase section */

/* Begin PBXSourcesBuildPhase section */
		739D5F9E206898A500D38DB5 /* Sources */ = {
			isa = PBXSourcesBuildPhase;
			buildActionMask = 2147483647;
			files = (
				739D5FA8206898A500D38DB5 /* ViewController.swift in Sources */,
				739D5FA6206898A500D38DB5 /* AppDelegate.swift in Sources */,
			);
			runOnlyForDeploymentPostprocessing = 0;
		};
		739D5FB2206898A600D38DB5 /* Sources */ = {
			isa = PBXSourcesBuildPhase;
			buildActionMask = 2147483647;
			files = (
				739D5FBB206898A600D38DB5 /* DouYuTVTests.swift in Sources */,
			);
			runOnlyForDeploymentPostprocessing = 0;
		};
		739D5FBD206898A600D38DB5 /* Sources */ = {
			isa = PBXSourcesBuildPhase;
			buildActionMask = 2147483647;
			files = (
				739D5FC6206898A600D38DB5 /* DouYuTVUITests.swift in Sources */,
			);
			runOnlyForDeploymentPostprocessing = 0;
		};
/* End PBXSourcesBuildPhase section */

/* Begin PBXTargetDependency section */
		739D5FB8206898A600D38DB5 /* PBXTargetDependency */ = {
			isa = PBXTargetDependency;
			target = 739D5FA1206898A500D38DB5 /* DouYuTV */;
			targetProxy = 739D5FB7206898A600D38DB5 /* PBXContainerItemProxy */;
		};
		739D5FC3206898A600D38DB5 /* PBXTargetDependency */ = {
			isa = PBXTargetDependency;
			target = 739D5FA1206898A500D38DB5 /* DouYuTV */;
			targetProxy = 739D5FC2206898A600D38DB5 /* PBXContainerItemProxy */;
		};
/* End PBXTargetDependency section */

/* Begin PBXVariantGroup section */
		739D5FA9206898A600D38DB5 /* Main.storyboard */ = {
			isa = PBXVariantGroup;
			children = (
				739D5FAA206898A600D38DB5 /* Base */,
			);
			name = Main.storyboard;
			sourceTree = "<group>";
		};
		739D5FAE206898A600D38DB5 /* LaunchScreen.storyboard */ = {
			isa = PBXVariantGroup;
			children = (
				739D5FAF206898A600D38DB5 /* Base */,
			);
			name = LaunchScreen.storyboard;
			sourceTree = "<group>";
		};
/* End PBXVariantGroup section */

/* Begin XCBuildConfiguration section */
		739D5FC8206898A600D38DB5 /* Debug */ = {
			isa = XCBuildConfiguration;
			buildSettings = {
				ALWAYS_SEARCH_USER_PATHS = NO;
				CLANG_ANALYZER_NONNULL = YES;
				CLANG_ANALYZER_NUMBER_OBJECT_CONVERSION = YES_AGGRESSIVE;
				CLANG_CXX_LANGUAGE_STANDARD = "gnu++14";
				CLANG_CXX_LIBRARY = "libc++";
				CLANG_ENABLE_MODULES = YES;
				CLANG_ENABLE_OBJC_ARC = YES;
				CLANG_WARN_BLOCK_CAPTURE_AUTORELEASING = YES;
				CLANG_WARN_BOOL_CONVERSION = YES;
				CLANG_WARN_COMMA = YES;
				CLANG_WARN_CONSTANT_CONVERSION = YES;
				CLANG_WARN_DIRECT_OBJC_ISA_USAGE = YES_ERROR;
				CLANG_WARN_DOCUMENTATION_COMMENTS = YES;
				CLANG_WARN_EMPTY_BODY = YES;
				CLANG_WARN_ENUM_CONVERSION = YES;
				CLANG_WARN_INFINITE_RECURSION = YES;
				CLANG_WARN_INT_CONVERSION = YES;
				CLANG_WARN_NON_LITERAL_NULL_CONVERSION = YES;
				CLANG_WARN_OBJC_LITERAL_CONVERSION = YES;
				CLANG_WARN_OBJC_ROOT_CLASS = YES_ERROR;
				CLANG_WARN_RANGE_LOOP_ANALYSIS = YES;
				CLANG_WARN_STRICT_PROTOTYPES = YES;
				CLANG_WARN_SUSPICIOUS_MOVE = YES;
				CLANG_WARN_UNGUARDED_AVAILABILITY = YES_AGGRESSIVE;
				CLANG_WARN_UNREACHABLE_CODE = YES;
				CLANG_WARN__DUPLICATE_METHOD_MATCH = YES;
				CODE_SIGN_IDENTITY = "iPhone Developer";
				COPY_PHASE_STRIP = NO;
				DEBUG_INFORMATION_FORMAT = dwarf;
				ENABLE_STRICT_OBJC_MSGSEND = YES;
				ENABLE_TESTABILITY = YES;
				GCC_C_LANGUAGE_STANDARD = gnu11;
				GCC_DYNAMIC_NO_PIC = NO;
				GCC_NO_COMMON_BLOCKS = YES;
				GCC_OPTIMIZATION_LEVEL = 0;
				GCC_PREPROCESSOR_DEFINITIONS = (
					"DEBUG=1",
					"$(inherited)",
				);
				GCC_WARN_64_TO_32_BIT_CONVERSION = YES;
				GCC_WARN_ABOUT_RETURN_TYPE = YES_ERROR;
				GCC_WARN_UNDECLARED_SELECTOR = YES;
				GCC_WARN_UNINITIALIZED_AUTOS = YES_AGGRESSIVE;
				GCC_WARN_UNUSED_FUNCTION = YES;
				GCC_WARN_UNUSED_VARIABLE = YES;
				IPHONEOS_DEPLOYMENT_TARGET = 11.2;
				MTL_ENABLE_DEBUG_INFO = YES;
				ONLY_ACTIVE_ARCH = YES;
				SDKROOT = iphoneos;
				SWIFT_ACTIVE_COMPILATION_CONDITIONS = DEBUG;
				SWIFT_OPTIMIZATION_LEVEL = "-Onone";
			};
			name = Debug;
		};
		739D5FC9206898A600D38DB5 /* Release */ = {
			isa = XCBuildConfiguration;
			buildSettings = {
				ALWAYS_SEARCH_USER_PATHS = NO;
				CLANG_ANALYZER_NONNULL = YES;
				CLANG_ANALYZER_NUMBER_OBJECT_CONVERSION = YES_AGGRESSIVE;
				CLANG_CXX_LANGUAGE_STANDARD = "gnu++14";
				CLANG_CXX_LIBRARY = "libc++";
				CLANG_ENABLE_MODULES = YES;
				CLANG_ENABLE_OBJC_ARC = YES;
				CLANG_WARN_BLOCK_CAPTURE_AUTORELEASING = YES;
				CLANG_WARN_BOOL_CONVERSION = YES;
				CLANG_WARN_COMMA = YES;
				CLANG_WARN_CONSTANT_CONVERSION = YES;
				CLANG_WARN_DIRECT_OBJC_ISA_USAGE = YES_ERROR;
				CLANG_WARN_DOCUMENTATION_COMMENTS = YES;
				CLANG_WARN_EMPTY_BODY = YES;
				CLANG_WARN_ENUM_CONVERSION = YES;
				CLANG_WARN_INFINITE_RECURSION = YES;
				CLANG_WARN_INT_CONVERSION = YES;
				CLANG_WARN_NON_LITERAL_NULL_CONVERSION = YES;
				CLANG_WARN_OBJC_LITERAL_CONVERSION = YES;
				CLANG_WARN_OBJC_ROOT_CLASS = YES_ERROR;
				CLANG_WARN_RANGE_LOOP_ANALYSIS = YES;
				CLANG_WARN_STRICT_PROTOTYPES = YES;
				CLANG_WARN_SUSPICIOUS_MOVE = YES;
				CLANG_WARN_UNGUARDED_AVAILABILITY = YES_AGGRESSIVE;
				CLANG_WARN_UNREACHABLE_CODE = YES;
				CLANG_WARN__DUPLICATE_METHOD_MATCH = YES;
				CODE_SIGN_IDENTITY = "iPhone Developer";
				COPY_PHASE_STRIP = NO;
				DEBUG_INFORMATION_FORMAT = "dwarf-with-dsym";
				ENABLE_NS_ASSERTIONS = NO;
				ENABLE_STRICT_OBJC_MSGSEND = YES;
				GCC_C_LANGUAGE_STANDARD = gnu11;
				GCC_NO_COMMON_BLOCKS = YES;
				GCC_WARN_64_TO_32_BIT_CONVERSION = YES;
				GCC_WARN_ABOUT_RETURN_TYPE = YES_ERROR;
				GCC_WARN_UNDECLARED_SELECTOR = YES;
				GCC_WARN_UNINITIALIZED_AUTOS = YES_AGGRESSIVE;
				GCC_WARN_UNUSED_FUNCTION = YES;
				GCC_WARN_UNUSED_VARIABLE = YES;
				IPHONEOS_DEPLOYMENT_TARGET = 11.2;
				MTL_ENABLE_DEBUG_INFO = NO;
				SDKROOT = iphoneos;
				SWIFT_OPTIMIZATION_LEVEL = "-Owholemodule";
				VALIDATE_PRODUCT = YES;
			};
			name = Release;
		};
		739D5FCB206898A600D38DB5 /* Debug */ = {
			isa = XCBuildConfiguration;
			buildSettings = {
				ASSETCATALOG_COMPILER_APPICON_NAME = AppIcon;
				CODE_SIGN_STYLE = Automatic;
				DEVELOPMENT_TEAM = VZS96QMG8Y;
				INFOPLIST_FILE = DouYuTV/Info.plist;
				IPHONEOS_DEPLOYMENT_TARGET = 9.0;
				LD_RUNPATH_SEARCH_PATHS = "$(inherited) @executable_path/Frameworks";
				PRODUCT_BUNDLE_IDENTIFIER = com.gtq.jzg.DouYuTV;
				PRODUCT_NAME = "$(TARGET_NAME)";
				SWIFT_VERSION = 4.0;
				TARGETED_DEVICE_FAMILY = "1,2";
			};
			name = Debug;
		};
		739D5FCC206898A600D38DB5 /* Release */ = {
			isa = XCBuildConfiguration;
			buildSettings = {
				ASSETCATALOG_COMPILER_APPICON_NAME = AppIcon;
				CODE_SIGN_STYLE = Automatic;
				DEVELOPMENT_TEAM = VZS96QMG8Y;
				INFOPLIST_FILE = DouYuTV/Info.plist;
				IPHONEOS_DEPLOYMENT_TARGET = 9.0;
				LD_RUNPATH_SEARCH_PATHS = "$(inherited) @executable_path/Frameworks";
				PRODUCT_BUNDLE_IDENTIFIER = com.gtq.jzg.DouYuTV;
				PRODUCT_NAME = "$(TARGET_NAME)";
				SWIFT_VERSION = 4.0;
				TARGETED_DEVICE_FAMILY = "1,2";
			};
			name = Release;
		};
		739D5FCE206898A600D38DB5 /* Debug */ = {
			isa = XCBuildConfiguration;
			buildSettings = {
				ALWAYS_EMBED_SWIFT_STANDARD_LIBRARIES = YES;
				BUNDLE_LOADER = "$(TEST_HOST)";
				CODE_SIGN_STYLE = Automatic;
				DEVELOPMENT_TEAM = JDQQ84BM8J;
				INFOPLIST_FILE = DouYuTVTests/Info.plist;
				LD_RUNPATH_SEARCH_PATHS = "$(inherited) @executable_path/Frameworks @loader_path/Frameworks";
				PRODUCT_BUNDLE_IDENTIFIER = com.gtq.jzg.DouYuTVTests;
				PRODUCT_NAME = "$(TARGET_NAME)";
				SWIFT_VERSION = 4.0;
				TARGETED_DEVICE_FAMILY = "1,2";
				TEST_HOST = "$(BUILT_PRODUCTS_DIR)/DouYuTV.app/DouYuTV";
			};
			name = Debug;
		};
		739D5FCF206898A600D38DB5 /* Release */ = {
			isa = XCBuildConfiguration;
			buildSettings = {
				ALWAYS_EMBED_SWIFT_STANDARD_LIBRARIES = YES;
				BUNDLE_LOADER = "$(TEST_HOST)";
				CODE_SIGN_STYLE = Automatic;
				DEVELOPMENT_TEAM = JDQQ84BM8J;
				INFOPLIST_FILE = DouYuTVTests/Info.plist;
				LD_RUNPATH_SEARCH_PATHS = "$(inherited) @executable_path/Frameworks @loader_path/Frameworks";
				PRODUCT_BUNDLE_IDENTIFIER = com.gtq.jzg.DouYuTVTests;
				PRODUCT_NAME = "$(TARGET_NAME)";
				SWIFT_VERSION = 4.0;
				TARGETED_DEVICE_FAMILY = "1,2";
				TEST_HOST = "$(BUILT_PRODUCTS_DIR)/DouYuTV.app/DouYuTV";
			};
			name = Release;
		};
		739D5FD1206898A600D38DB5 /* Debug */ = {
			isa = XCBuildConfiguration;
			buildSettings = {
				ALWAYS_EMBED_SWIFT_STANDARD_LIBRARIES = YES;
				CODE_SIGN_STYLE = Automatic;
				DEVELOPMENT_TEAM = JDQQ84BM8J;
				INFOPLIST_FILE = DouYuTVUITests/Info.plist;
				LD_RUNPATH_SEARCH_PATHS = "$(inherited) @executable_path/Frameworks @loader_path/Frameworks";
				PRODUCT_BUNDLE_IDENTIFIER = com.gtq.jzg.DouYuTVUITests;
				PRODUCT_NAME = "$(TARGET_NAME)";
				SWIFT_VERSION = 4.0;
				TARGETED_DEVICE_FAMILY = "1,2";
				TEST_TARGET_NAME = DouYuTV;
			};
			name = Debug;
		};
		739D5FD2206898A600D38DB5 /* Release */ = {
			isa = XCBuildConfiguration;
			buildSettings = {
				ALWAYS_EMBED_SWIFT_STANDARD_LIBRARIES = YES;
				CODE_SIGN_STYLE = Automatic;
				DEVELOPMENT_TEAM = JDQQ84BM8J;
				INFOPLIST_FILE = DouYuTVUITests/Info.plist;
				LD_RUNPATH_SEARCH_PATHS = "$(inherited) @executable_path/Frameworks @loader_path/Frameworks";
				PRODUCT_BUNDLE_IDENTIFIER = com.gtq.jzg.DouYuTVUITests;
				PRODUCT_NAME = "$(TARGET_NAME)";
				SWIFT_VERSION = 4.0;
				TARGETED_DEVICE_FAMILY = "1,2";
				TEST_TARGET_NAME = DouYuTV;
			};
			name = Release;
		};
/* End XCBuildConfiguration section */

/* Begin XCConfigurationList section */
		739D5F9D206898A500D38DB5 /* Build configuration list for PBXProject "DouYuTV" */ = {
			isa = XCConfigurationList;
			buildConfigurations = (
				739D5FC8206898A600D38DB5 /* Debug */,
				739D5FC9206898A600D38DB5 /* Release */,
			);
			defaultConfigurationIsVisible = 0;
			defaultConfigurationName = Release;
		};
		739D5FCA206898A600D38DB5 /* Build configuration list for PBXNativeTarget "DouYuTV" */ = {
			isa = XCConfigurationList;
			buildConfigurations = (
				739D5FCB206898A600D38DB5 /* Debug */,
				739D5FCC206898A600D38DB5 /* Release */,
			);
			defaultConfigurationIsVisible = 0;
			defaultConfigurationName = Release;
		};
		739D5FCD206898A600D38DB5 /* Build configuration list for PBXNativeTarget "DouYuTVTests" */ = {
			isa = XCConfigurationList;
			buildConfigurations = (
				739D5FCE206898A600D38DB5 /* Debug */,
				739D5FCF206898A600D38DB5 /* Release */,
			);
			defaultConfigurationIsVisible = 0;
			defaultConfigurationName = Release;
		};
		739D5FD0206898A600D38DB5 /* Build configuration list for PBXNativeTarget "DouYuTVUITests" */ = {
			isa = XCConfigurationList;
			buildConfigurations = (
				739D5FD1206898A600D38DB5 /* Debug */,
				739D5FD2206898A600D38DB5 /* Release */,
			);
			defaultConfigurationIsVisible = 0;
			defaultConfigurationName = Release;
		};
/* End XCConfigurationList section */
	};
	rootObject = 739D5F9A206898A500D38DB5 /* Project object */;
}
